// !$*UTF8*$!
{
	archiveVersion = 1;
	classes = {
	};
	objectVersion = 46;
	objects = {

/* Begin PBXBuildFile section */
		BE5D6A5C1F28EB66009B233B /* AppDelegate.swift in Sources */ = {isa = PBXBuildFile; fileRef = BE5D6A5B1F28EB66009B233B /* AppDelegate.swift */; };
		BE5D6A5E1F28EB66009B233B /* ViewController.swift in Sources */ = {isa = PBXBuildFile; fileRef = BE5D6A5D1F28EB66009B233B /* ViewController.swift */; };
		BE5D6A611F28EB66009B233B /* Main.storyboard in Resources */ = {isa = PBXBuildFile; fileRef = BE5D6A5F1F28EB66009B233B /* Main.storyboard */; };
		BE5D6A631F28EB67009B233B /* Assets.xcassets in Resources */ = {isa = PBXBuildFile; fileRef = BE5D6A621F28EB67009B233B /* Assets.xcassets */; };
		BE5D6A661F28EB67009B233B /* LaunchScreen.storyboard in Resources */ = {isa = PBXBuildFile; fileRef = BE5D6A641F28EB67009B233B /* LaunchScreen.storyboard */; };
		BE5D6A701F28F737009B233B /* LargeTableViewCell.swift in Sources */ = {isa = PBXBuildFile; fileRef = BE5D6A6E1F28F737009B233B /* LargeTableViewCell.swift */; };
		BE5D6A711F28F737009B233B /* LargeTableViewCell.xib in Resources */ = {isa = PBXBuildFile; fileRef = BE5D6A6F1F28F737009B233B /* LargeTableViewCell.xib */; };
		BE5D6A741F28F74C009B233B /* MediumTableViewCell.swift in Sources */ = {isa = PBXBuildFile; fileRef = BE5D6A721F28F74C009B233B /* MediumTableViewCell.swift */; };
		BE5D6A751F28F74C009B233B /* MediumTableViewCell.xib in Resources */ = {isa = PBXBuildFile; fileRef = BE5D6A731F28F74C009B233B /* MediumTableViewCell.xib */; };
		BE5D6A791F28FE54009B233B /* Articles.swift in Sources */ = {isa = PBXBuildFile; fileRef = BE5D6A771F28FE54009B233B /* Articles.swift */; };
		BE5D6A7A1F28FE54009B233B /* News.swift in Sources */ = {isa = PBXBuildFile; fileRef = BE5D6A781F28FE54009B233B /* News.swift */; };
		BE5D6A7F1F296B2B009B233B /* PlayVideoViewController.swift in Sources */ = {isa = PBXBuildFile; fileRef = BE5D6A7E1F296B2B009B233B /* PlayVideoViewController.swift */; };
		F2DA669B83419A2AEE4FE47A /* Pods_AllNews.framework in Frameworks */ = {isa = PBXBuildFile; fileRef = 919131A9054C4B6862401545 /* Pods_AllNews.framework */; };
/* End PBXBuildFile section */

/* Begin PBXFileReference section */
		919131A9054C4B6862401545 /* Pods_AllNews.framework */ = {isa = PBXFileReference; explicitFileType = wrapper.framework; includeInIndex = 0; path = Pods_AllNews.framework; sourceTree = BUILT_PRODUCTS_DIR; };
		BE5D6A581F28EB66009B233B /* AllNews.app */ = {isa = PBXFileReference; explicitFileType = wrapper.application; includeInIndex = 0; path = AllNews.app; sourceTree = BUILT_PRODUCTS_DIR; };
		BE5D6A5B1F28EB66009B233B /* AppDelegate.swift */ = {isa = PBXFileReference; lastKnownFileType = sourcecode.swift; path = AppDelegate.swift; sourceTree = "<group>"; };
		BE5D6A5D1F28EB66009B233B /* ViewController.swift */ = {isa = PBXFileReference; lastKnownFileType = sourcecode.swift; path = ViewController.swift; sourceTree = "<group>"; };
		BE5D6A601F28EB66009B233B /* Base */ = {isa = PBXFileReference; lastKnownFileType = file.storyboard; name = Base; path = Base.lproj/Main.storyboard; sourceTree = "<group>"; };
		BE5D6A621F28EB67009B233B /* Assets.xcassets */ = {isa = PBXFileReference; lastKnownFileType = folder.assetcatalog; path = Assets.xcassets; sourceTree = "<group>"; };
		BE5D6A651F28EB67009B233B /* Base */ = {isa = PBXFileReference; lastKnownFileType = file.storyboard; name = Base; path = Base.lproj/LaunchScreen.storyboard; sourceTree = "<group>"; };
		BE5D6A671F28EB67009B233B /* Info.plist */ = {isa = PBXFileReference; lastKnownFileType = text.plist.xml; path = Info.plist; sourceTree = "<group>"; };
		BE5D6A6E1F28F737009B233B /* LargeTableViewCell.swift */ = {isa = PBXFileReference; fileEncoding = 4; lastKnownFileType = sourcecode.swift; path = LargeTableViewCell.swift; sourceTree = "<group>"; };
		BE5D6A6F1F28F737009B233B /* LargeTableViewCell.xib */ = {isa = PBXFileReference; fileEncoding = 4; lastKnownFileType = file.xib; path = LargeTableViewCell.xib; sourceTree = "<group>"; };
		BE5D6A721F28F74C009B233B /* MediumTableViewCell.swift */ = {isa = PBXFileReference; fileEncoding = 4; lastKnownFileType = sourcecode.swift; path = MediumTableViewCell.swift; sourceTree = "<group>"; };
		BE5D6A731F28F74C009B233B /* MediumTableViewCell.xib */ = {isa = PBXFileReference; fileEncoding = 4; lastKnownFileType = file.xib; path = MediumTableViewCell.xib; sourceTree = "<group>"; };
		BE5D6A771F28FE54009B233B /* Articles.swift */ = {isa = PBXFileReference; fileEncoding = 4; lastKnownFileType = sourcecode.swift; path = Articles.swift; sourceTree = "<group>"; };
		BE5D6A781F28FE54009B233B /* News.swift */ = {isa = PBXFileReference; fileEncoding = 4; lastKnownFileType = sourcecode.swift; path = News.swift; sourceTree = "<group>"; };
		BE5D6A7E1F296B2B009B233B /* PlayVideoViewController.swift */ = {isa = PBXFileReference; fileEncoding = 4; lastKnownFileType = sourcecode.swift; path = PlayVideoViewController.swift; sourceTree = "<group>"; };
		D55381D21F7CEEB95D4613BD /* Pods-AllNews.release.xcconfig */ = {isa = PBXFileReference; includeInIndex = 1; lastKnownFileType = text.xcconfig; name = "Pods-AllNews.release.xcconfig"; path = "Pods/Target Support Files/Pods-AllNews/Pods-AllNews.release.xcconfig"; sourceTree = "<group>"; };
		F46DCF3A67B52320797BB8F1 /* Pods-AllNews.debug.xcconfig */ = {isa = PBXFileReference; includeInIndex = 1; lastKnownFileType = text.xcconfig; name = "Pods-AllNews.debug.xcconfig"; path = "Pods/Target Support Files/Pods-AllNews/Pods-AllNews.debug.xcconfig"; sourceTree = "<group>"; };
/* End PBXFileReference section */

/* Begin PBXFrameworksBuildPhase section */
		BE5D6A551F28EB66009B233B /* Frameworks */ = {
			isa = PBXFrameworksBuildPhase;
			buildActionMask = 2147483647;
			files = (
				F2DA669B83419A2AEE4FE47A /* Pods_AllNews.framework in Frameworks */,
			);
			runOnlyForDeploymentPostprocessing = 0;
		};
/* End PBXFrameworksBuildPhase section */

/* Begin PBXGroup section */
		20496EE2E0493CC76DF5AB35 /* Frameworks */ = {
			isa = PBXGroup;
			children = (
				919131A9054C4B6862401545 /* Pods_AllNews.framework */,
			);
			name = Frameworks;
			sourceTree = "<group>";
		};
		42DA75877E4AEE3D8C465597 /* Pods */ = {
			isa = PBXGroup;
			children = (
				F46DCF3A67B52320797BB8F1 /* Pods-AllNews.debug.xcconfig */,
				D55381D21F7CEEB95D4613BD /* Pods-AllNews.release.xcconfig */,
			);
			name = Pods;
			sourceTree = "<group>";
		};
		BE5D6A4F1F28EB66009B233B = {
			isa = PBXGroup;
			children = (
				BE5D6A5A1F28EB66009B233B /* AllNews */,
				BE5D6A591F28EB66009B233B /* Products */,
				42DA75877E4AEE3D8C465597 /* Pods */,
				20496EE2E0493CC76DF5AB35 /* Frameworks */,
			);
			sourceTree = "<group>";
		};
		BE5D6A591F28EB66009B233B /* Products */ = {
			isa = PBXGroup;
			children = (
				BE5D6A581F28EB66009B233B /* AllNews.app */,
			);
			name = Products;
			sourceTree = "<group>";
		};
		BE5D6A5A1F28EB66009B233B /* AllNews */ = {
			isa = PBXGroup;
			children = (
				BE5D6A761F28FE40009B233B /* Models */,
				BE5D6A6D1F28F713009B233B /* CustomCell */,
				BE5D6A5B1F28EB66009B233B /* AppDelegate.swift */,
				BE5D6A5D1F28EB66009B233B /* ViewController.swift */,
				BE5D6A5F1F28EB66009B233B /* Main.storyboard */,
				BE5D6A621F28EB67009B233B /* Assets.xcassets */,
				BE5D6A641F28EB67009B233B /* LaunchScreen.storyboard */,
				BE5D6A671F28EB67009B233B /* Info.plist */,
				BE5D6A7E1F296B2B009B233B /* PlayVideoViewController.swift */,
			);
			path = AllNews;
			sourceTree = "<group>";
		};
		BE5D6A6D1F28F713009B233B /* CustomCell */ = {
			isa = PBXGroup;
			children = (
				BE5D6A6E1F28F737009B233B /* LargeTableViewCell.swift */,
				BE5D6A6F1F28F737009B233B /* LargeTableViewCell.xib */,
				BE5D6A721F28F74C009B233B /* MediumTableViewCell.swift */,
				BE5D6A731F28F74C009B233B /* MediumTableViewCell.xib */,
			);
			name = CustomCell;
			sourceTree = "<group>";
		};
		BE5D6A761F28FE40009B233B /* Models */ = {
			isa = PBXGroup;
			children = (
				BE5D6A771F28FE54009B233B /* Articles.swift */,
				BE5D6A781F28FE54009B233B /* News.swift */,
			);
			name = Models;
			sourceTree = "<group>";
		};
/* End PBXGroup section */

/* Begin PBXNativeTarget section */
		BE5D6A571F28EB66009B233B /* AllNews */ = {
			isa = PBXNativeTarget;
			buildConfigurationList = BE5D6A6A1F28EB67009B233B /* Build configuration list for PBXNativeTarget "AllNews" */;
			buildPhases = (
				1EA9D47B1F187B6A90369578 /* [CP] Check Pods Manifest.lock */,
				BE5D6A541F28EB66009B233B /* Sources */,
				BE5D6A551F28EB66009B233B /* Frameworks */,
				BE5D6A561F28EB66009B233B /* Resources */,
				3D8925040DBAA9D862E60E35 /* [CP] Embed Pods Frameworks */,
				B49F5A486BC4FF170BBCE880 /* [CP] Copy Pods Resources */,
			);
			buildRules = (
			);
			dependencies = (
			);
			name = AllNews;
			productName = AllNews;
			productReference = BE5D6A581F28EB66009B233B /* AllNews.app */;
			productType = "com.apple.product-type.application";
		};
/* End PBXNativeTarget section */

/* Begin PBXProject section */
		BE5D6A501F28EB66009B233B /* Project object */ = {
			isa = PBXProject;
			attributes = {
				LastSwiftUpdateCheck = 0820;
				LastUpgradeCheck = 0820;
				ORGANIZATIONNAME = com.sree.objc;
				TargetAttributes = {
					BE5D6A571F28EB66009B233B = {
						CreatedOnToolsVersion = 8.2;
						ProvisioningStyle = Automatic;
					};
				};
			};
			buildConfigurationList = BE5D6A531F28EB66009B233B /* Build configuration list for PBXProject "AllNews" */;
			compatibilityVersion = "Xcode 3.2";
			developmentRegion = English;
			hasScannedForEncodings = 0;
			knownRegions = (
				en,
				Base,
			);
			mainGroup = BE5D6A4F1F28EB66009B233B;
			productRefGroup = BE5D6A591F28EB66009B233B /* Products */;
			projectDirPath = "";
			projectRoot = "";
			targets = (
				BE5D6A571F28EB66009B233B /* AllNews */,
			);
		};
/* End PBXProject section */

/* Begin PBXResourcesBuildPhase section */
		BE5D6A561F28EB66009B233B /* Resources */ = {
			isa = PBXResourcesBuildPhase;
			buildActionMask = 2147483647;
			files = (
				BE5D6A751F28F74C009B233B /* MediumTableViewCell.xib in Resources */,
				BE5D6A661F28EB67009B233B /* LaunchScreen.storyboard in Resources */,
				BE5D6A711F28F737009B233B /* LargeTableViewCell.xib in Resources */,
				BE5D6A631F28EB67009B233B /* Assets.xcassets in Resources */,
				BE5D6A611F28EB66009B233B /* Main.storyboard in Resources */,
			);
			runOnlyForDeploymentPostprocessing = 0;
		};
/* End PBXResourcesBuildPhase section */

/* Begin PBXShellScriptBuildPhase section */
		1EA9D47B1F187B6A90369578 /* [CP] Check Pods Manifest.lock */ = {
			isa = PBXShellScriptBuildPhase;
			buildActionMask = 2147483647;
			files = (
			);
			inputPaths = (
			);
			name = "[CP] Check Pods Manifest.lock";
			outputPaths = (
			);
			runOnlyForDeploymentPostprocessing = 0;
			shellPath = /bin/sh;
			shellScript = "diff \"${PODS_ROOT}/../Podfile.lock\" \"${PODS_ROOT}/Manifest.lock\" > /dev/null\nif [ $? != 0 ] ; then\n    # print error to STDERR\n    echo \"error: The sandbox is not in sync with the Podfile.lock. Run 'pod install' or update your CocoaPods installation.\" >&2\n    exit 1\nfi\n";
			showEnvVarsInLog = 0;
		};
		3D8925040DBAA9D862E60E35 /* [CP] Embed Pods Frameworks */ = {
			isa = PBXShellScriptBuildPhase;
			buildActionMask = 2147483647;
			files = (
			);
			inputPaths = (
			);
			name = "[CP] Embed Pods Frameworks";
			outputPaths = (
			);
			runOnlyForDeploymentPostprocessing = 0;
			shellPath = /bin/sh;
			shellScript = "\"${SRCROOT}/Pods/Target Support Files/Pods-AllNews/Pods-AllNews-frameworks.sh\"\n";
			showEnvVarsInLog = 0;
		};
		B49F5A486BC4FF170BBCE880 /* [CP] Copy Pods Resources */ = {
			isa = PBXShellScriptBuildPhase;
			buildActionMask = 2147483647;
			files = (
			);
			inputPaths = (
			);
			name = "[CP] Copy Pods Resources";
			outputPaths = (
			);
			runOnlyForDeploymentPostprocessing = 0;
			shellPath = /bin/sh;
			shellScript = "\"${SRCROOT}/Pods/Target Support Files/Pods-AllNews/Pods-AllNews-resources.sh\"\n";
			showEnvVarsInLog = 0;
		};
/* End PBXShellScriptBuildPhase section */

/* Begin PBXSourcesBuildPhase section */
		BE5D6A541F28EB66009B233B /* Sources */ = {
			isa = PBXSourcesBuildPhase;
			buildActionMask = 2147483647;
			files = (
				BE5D6A741F28F74C009B233B /* MediumTableViewCell.swift in Sources */,
				BE5D6A7F1F296B2B009B233B /* PlayVideoViewController.swift in Sources */,
				BE5D6A791F28FE54009B233B /* Articles.swift in Sources */,
				BE5D6A5E1F28EB66009B233B /* ViewController.swift in Sources */,
				BE5D6A5C1F28EB66009B233B /* AppDelegate.swift in Sources */,
				BE5D6A701F28F737009B233B /* LargeTableViewCell.swift in Sources */,
				BE5D6A7A1F28FE54009B233B /* News.swift in Sources */,
			);
			runOnlyForDeploymentPostprocessing = 0;
		};
/* End PBXSourcesBuildPhase section */

/* Begin PBXVariantGroup section */
		BE5D6A5F1F28EB66009B233B /* Main.storyboard */ = {
			isa = PBXVariantGroup;
			children = (
				BE5D6A601F28EB66009B233B /* Base */,
			);
			name = Main.storyboard;
			sourceTree = "<group>";
		};
		BE5D6A641F28EB67009B233B /* LaunchScreen.storyboard */ = {
			isa = PBXVariantGroup;
			children = (
				BE5D6A651F28EB67009B233B /* Base */,
			);
			name = LaunchScreen.storyboard;
			sourceTree = "<group>";
		};
/* End PBXVariantGroup section */

/* Begin XCBuildConfiguration section */
		BE5D6A681F28EB67009B233B /* Debug */ = {
			isa = XCBuildConfiguration;
			buildSettings = {
				ALWAYS_SEARCH_USER_PATHS = NO;
				CLANG_ANALYZER_NONNULL = YES;
				CLANG_CXX_LANGUAGE_STANDARD = "gnu++0x";
				CLANG_CXX_LIBRARY = "libc++";
				CLANG_ENABLE_MODULES = YES;
				CLANG_ENABLE_OBJC_ARC = YES;
				CLANG_WARN_BOOL_CONVERSION = YES;
				CLANG_WARN_CONSTANT_CONVERSION = YES;
				CLANG_WARN_DIRECT_OBJC_ISA_USAGE = YES_ERROR;
				CLANG_WARN_DOCUMENTATION_COMMENTS = YES;
				CLANG_WARN_EMPTY_BODY = YES;
				CLANG_WARN_ENUM_CONVERSION = YES;
				CLANG_WARN_INFINITE_RECURSION = YES;
				CLANG_WARN_INT_CONVERSION = YES;
				CLANG_WARN_OBJC_ROOT_CLASS = YES_ERROR;
				CLANG_WARN_SUSPICIOUS_MOVE = YES;
				CLANG_WARN_UNREACHABLE_CODE = YES;
				CLANG_WARN__DUPLICATE_METHOD_MATCH = YES;
				"CODE_SIGN_IDENTITY[sdk=iphoneos*]" = "iPhone Developer";
				COPY_PHASE_STRIP = NO;
				DEBUG_INFORMATION_FORMAT = dwarf;
				ENABLE_STRICT_OBJC_MSGSEND = YES;
				ENABLE_TESTABILITY = YES;
				GCC_C_LANGUAGE_STANDARD = gnu99;
				GCC_DYNAMIC_NO_PIC = NO;
				GCC_NO_COMMON_BLOCKS = YES;
				GCC_OPTIMIZATION_LEVEL = 0;
				GCC_PREPROCESSOR_DEFINITIONS = (
					"DEBUG=1",
					"$(inherited)",
				);
				GCC_WARN_64_TO_32_BIT_CONVERSION = YES;
				GCC_WARN_ABOUT_RETURN_TYPE = YES_ERROR;
				GCC_WARN_UNDECLARED_SELECTOR = YES;
				GCC_WARN_UNINITIALIZED_AUTOS = YES_AGGRESSIVE;
				GCC_WARN_UNUSED_FUNCTION = YES;
				GCC_WARN_UNUSED_VARIABLE = YES;
				IPHONEOS_DEPLOYMENT_TARGET = 10.2;
				MTL_ENABLE_DEBUG_INFO = YES;
				ONLY_ACTIVE_ARCH = YES;
				SDKROOT = iphoneos;
				SWIFT_ACTIVE_COMPILATION_CONDITIONS = DEBUG;
				SWIFT_OPTIMIZATION_LEVEL = "-Onone";
			};
			name = Debug;
		};
		BE5D6A691F28EB67009B233B /* Release */ = {
			isa = XCBuildConfiguration;
			buildSettings = {
				ALWAYS_SEARCH_USER_PATHS = NO;
				CLANG_ANALYZER_NONNULL = YES;
				CLANG_CXX_LANGUAGE_STANDARD = "gnu++0x";
				CLANG_CXX_LIBRARY = "libc++";
				CLANG_ENABLE_MODULES = YES;
				CLANG_ENABLE_OBJC_ARC = YES;
				CLANG_WARN_BOOL_CONVERSION = YES;
				CLANG_WARN_CONSTANT_CONVERSION = YES;
				CLANG_WARN_DIRECT_OBJC_ISA_USAGE = YES_ERROR;
				CLANG_WARN_DOCUMENTATION_COMMENTS = YES;
				CLANG_WARN_EMPTY_BODY = YES;
				CLANG_WARN_ENUM_CONVERSION = YES;
				CLANG_WARN_INFINITE_RECURSION = YES;
				CLANG_WARN_INT_CONVERSION = YES;
				CLANG_WARN_OBJC_ROOT_CLASS = YES_ERROR;
				CLANG_WARN_SUSPICIOUS_MOVE = YES;
				CLANG_WARN_UNREACHABLE_CODE = YES;
				CLANG_WARN__DUPLICATE_METHOD_MATCH = YES;
				"CODE_SIGN_IDENTITY[sdk=iphoneos*]" = "iPhone Developer";
				COPY_PHASE_STRIP = NO;
				DEBUG_INFORMATION_FORMAT = "dwarf-with-dsym";
				ENABLE_NS_ASSERTIONS = NO;
				ENABLE_STRICT_OBJC_MSGSEND = YES;
				GCC_C_LANGUAGE_STANDARD = gnu99;
				GCC_NO_COMMON_BLOCKS = YES;
				GCC_WARN_64_TO_32_BIT_CONVERSION = YES;
				GCC_WARN_ABOUT_RETURN_TYPE = YES_ERROR;
				GCC_WARN_UNDECLARED_SELECTOR = YES;
				GCC_WARN_UNINITIALIZED_AUTOS = YES_AGGRESSIVE;
				GCC_WARN_UNUSED_FUNCTION = YES;
				GCC_WARN_UNUSED_VARIABLE = YES;
				IPHONEOS_DEPLOYMENT_TARGET = 10.2;
				MTL_ENABLE_DEBUG_INFO = NO;
				SDKROOT = iphoneos;
				SWIFT_OPTIMIZATION_LEVEL = "-Owholemodule";
				VALIDATE_PRODUCT = YES;
			};
			name = Release;
		};
		BE5D6A6B1F28EB67009B233B /* Debug */ = {
			isa = XCBuildConfiguration;
			baseConfigurationReference = F46DCF3A67B52320797BB8F1 /* Pods-AllNews.debug.xcconfig */;
			buildSettings = {
				ASSETCATALOG_COMPILER_APPICON_NAME = AppIcon;
				INFOPLIST_FILE = AllNews/Info.plist;
				LD_RUNPATH_SEARCH_PATHS = "$(inherited) @executable_path/Frameworks";
				PRODUCT_BUNDLE_IDENTIFIER = Sreek.AllNews;
				PRODUCT_NAME = "$(TARGET_NAME)";
				SWIFT_VERSION = 3.0;
			};
			name = Debug;
		};
		BE5D6A6C1F28EB67009B233B /* Release */ = {
			isa = XCBuildConfiguration;
			baseConfigurationReference = D55381D21F7CEEB95D4613BD /* Pods-AllNews.release.xcconfig */;
			buildSettings = {
				ASSETCATALOG_COMPILER_APPICON_NAME = AppIcon;
				INFOPLIST_FILE = AllNews/Info.plist;
				LD_RUNPATH_SEARCH_PATHS = "$(inherited) @executable_path/Frameworks";
				PRODUCT_BUNDLE_IDENTIFIER = Sreek.AllNews;
				PRODUCT_NAME = "$(TARGET_NAME)";
				SWIFT_VERSION = 3.0;
			};
			name = Release;
		};
/* End XCBuildConfiguration section */

/* Begin XCConfigurationList section */
		BE5D6A531F28EB66009B233B /* Build configuration list for PBXProject "AllNews" */ = {
			isa = XCConfigurationList;
			buildConfigurations = (
				BE5D6A681F28EB67009B233B /* Debug */,
				BE5D6A691F28EB67009B233B /* Release */,
			);
			defaultConfigurationIsVisible = 0;
			defaultConfigurationName = Release;
		};
		BE5D6A6A1F28EB67009B233B /* Build configuration list for PBXNativeTarget "AllNews" */ = {
			isa = XCConfigurationList;
			buildConfigurations = (
				BE5D6A6B1F28EB67009B233B /* Debug */,
				BE5D6A6C1F28EB67009B233B /* Release */,
			);
			defaultConfigurationIsVisible = 0;
			defaultConfigurationName = Release;
		};
/* End XCConfigurationList section */
	};
	rootObject = BE5D6A501F28EB66009B233B /* Project object */;
}
